
Microsoft Visual Studio Solution File, Format Version 12.00
# Visual Studio Version 17
VisualStudioVersion = 17.1.32407.343
MinimumVisualStudioVersion = 10.0.40219.1
Project("{FAE04EC0-301F-11D3-BF4B-00C04F79EFBC}") = "mentorship-docker-api", "mentorship-docker-api.csproj", "{ABCDC88C-912F-4A2E-A127-D675F5ADF2A8}"
EndProject
Global
	GlobalSection(SolutionConfigurationPlatforms) = preSolution
		Debug|Any CPU = Debug|Any CPU
		Release|Any CPU = Release|Any CPU
	EndGlobalSection
	GlobalSection(ProjectConfigurationPlatforms) = postSolution
		{ABCDC88C-912F-4A2E-A127-D675F5ADF2A8}.Debug|Any CPU.ActiveCfg = Debug|Any CPU
		{ABCDC88C-912F-4A2E-A127-D675F5ADF2A8}.Debug|Any CPU.Build.0 = Debug|Any CPU
		{ABCDC88C-912F-4A2E-A127-D675F5ADF2A8}.Release|Any CPU.ActiveCfg = Release|Any CPU
		{ABCDC88C-912F-4A2E-A127-D675F5ADF2A8}.Release|Any CPU.Build.0 = Release|Any CPU
	EndGlobalSection
	GlobalSection(SolutionProperties) = preSolution
		HideSolutionNode = FALSE
	EndGlobalSection
	GlobalSection(ExtensibilityGlobals) = postSolution
		SolutionGuid = {3956350E-E30C-4A93-86D6-FBD2FF874B1E}
	EndGlobalSection
EndGlobal
